PODS:
  - Bolts (1.1.5):
    - Bolts/AppLinks (= 1.1.5)
    - Bolts/Tasks (= 1.1.5)
  - Bolts/AppLinks (1.1.5):
    - Bolts/Tasks
  - Bolts/Tasks (1.1.5)
  - Gini-iOS-SDK (0.6.0):
    - Gini-iOS-SDK/Core (= 0.6.0)
  - Gini-iOS-SDK/Core (0.6.0):
    - Bolts (~> 1.1.5)
  - Gini-iOS-SDK/Pinning (0.6.0):
    - Bolts (~> 1.1.5)
    - TrustKit (~> 1.5.2)
  - Kiwi (2.4.0)
  - TrustKit (1.5.2)

DEPENDENCIES:
  - Gini-iOS-SDK (from `./`)
  - Gini-iOS-SDK/Pinning (from `./`)
  - Kiwi (~> 2.4.0)

EXTERNAL SOURCES:
  Gini-iOS-SDK:
    :path: ./

SPEC CHECKSUMS:
  Bolts: aac24961496d504aa56fc267cde95162a71bac39
  Gini-iOS-SDK: 75c35076dbbdeff5b7ac8c90b8cbd63274dbc209
  Kiwi: f49c9d54b28917df5928fe44968a39ed198cb8a8
  TrustKit: fd852155aa95a02da40e2c2e0aa9060937a88abe

PODFILE CHECKSUM: 0dbabbd31fc2a03f4c7c928185f82a5ee842dc13

COCOAPODS: 1.4.0
