// !$*UTF8*$!
{
	archiveVersion = 1;
	classes = {
	};
	objectVersion = 46;
	objects = {

/* Begin PBXAggregateTarget section */
		E2B18418195464FC0080FF40 /* Documentation */ = {
			isa = PBXAggregateTarget;
			buildConfigurationList = E2B1841B195464FC0080FF40 /* Build configuration list for PBXAggregateTarget "Documentation" */;
			buildPhases = (
				E2B1841C195465030080FF40 /* ShellScript */,
			);
			dependencies = (
			);
			name = Documentation;
			productName = Documentation;
		};
/* End PBXAggregateTarget section */

/* Begin PBXBuildFile section */
		04A595B2195869DD00CB8E1B /* documents.json in Resources */ = {isa = PBXBuildFile; fileRef = 04A595B1195869DD00CB8E1B /* documents.json */; };
		04A595B7195962E900CB8E1B /* GINIFactoryDescription.m in Sources */ = {isa = PBXBuildFile; fileRef = 04A595B4195962E900CB8E1B /* GINIFactoryDescription.m */; };
		04A595B8195962E900CB8E1B /* GINIInjector.m in Sources */ = {isa = PBXBuildFile; fileRef = 04A595B6195962E900CB8E1B /* GINIInjector.m */; };
		04A595BD1959644500CB8E1B /* GINIInjectorSpec.m in Sources */ = {isa = PBXBuildFile; fileRef = 04A595BA1959644500CB8E1B /* GINIInjectorSpec.m */; };
		04A595BE1959644500CB8E1B /* GiniSDKTests.m in Sources */ = {isa = PBXBuildFile; fileRef = 04A595BB1959644500CB8E1B /* GiniSDKTests.m */; };
		04A595C219598DD300CB8E1B /* pages.json in Resources */ = {isa = PBXBuildFile; fileRef = 04A595C119598DD300CB8E1B /* pages.json */; };
		04A595C419599E6A00CB8E1B /* layout.json in Resources */ = {isa = PBXBuildFile; fileRef = 04A595C319599E6A00CB8E1B /* layout.json */; };
		04B754831959ABB600CF6072 /* search.json in Resources */ = {isa = PBXBuildFile; fileRef = 04B754821959ABB600CF6072 /* search.json */; };
		04B75485195AAC5000CF6072 /* extractions.json in Resources */ = {isa = PBXBuildFile; fileRef = 04B75484195AAC5000CF6072 /* extractions.json */; };
		23D53BF81934BC85001A957E /* Foundation.framework in Frameworks */ = {isa = PBXBuildFile; fileRef = 23D53BF71934BC85001A957E /* Foundation.framework */; };
		23D53BFD1934BC85001A957E /* GiniSDK.h in Copy Files */ = {isa = PBXBuildFile; fileRef = 23D53BFC1934BC85001A957E /* GiniSDK.h */; };
		23D53BFF1934BC85001A957E /* GiniSDK.m in Sources */ = {isa = PBXBuildFile; fileRef = 23D53BFE1934BC85001A957E /* GiniSDK.m */; };
		23D53C061934BC85001A957E /* XCTest.framework in Frameworks */ = {isa = PBXBuildFile; fileRef = 23D53C051934BC85001A957E /* XCTest.framework */; };
		23D53C071934BC85001A957E /* Foundation.framework in Frameworks */ = {isa = PBXBuildFile; fileRef = 23D53BF71934BC85001A957E /* Foundation.framework */; };
		23D53C121934BC85001A957E /* InfoPlist.strings in Resources */ = {isa = PBXBuildFile; fileRef = 23D53C101934BC85001A957E /* InfoPlist.strings */; };
		3D1C5F28DBBC44B597F5770B /* libPods-Gini-iOS-SDK.a in Frameworks */ = {isa = PBXBuildFile; fileRef = 0439411C6E91498D8E5A31B2 /* libPods-Gini-iOS-SDK.a */; };
		81EE4016DD5977EA419AAB82 /* GINISessionManagerMock.m in Sources */ = {isa = PBXBuildFile; fileRef = 81EE48376DD3F8CEA4908F4D /* GINISessionManagerMock.m */; };
		81EE40E5B0692EC02D52532A /* GINICredentialsStoreMock.m in Sources */ = {isa = PBXBuildFile; fileRef = 81EE46B2FC973F21033FBA16 /* GINICredentialsStoreMock.m */; };
		81EE40F50CF5B93E99221405 /* GINIURLSession.h in Copy Files */ = {isa = PBXBuildFile; fileRef = E2CAFE841940DC7F0059E228 /* GINIURLSession.h */; };
		81EE43C2A85297C952E80592 /* yoda.jpg in Resources */ = {isa = PBXBuildFile; fileRef = 81EE468AFDEFC8942E20F31F /* yoda.jpg */; };
		81EE43DFB1FB962DB0EAF76D /* KeychainItemWrapper.m in Sources */ = {isa = PBXBuildFile; fileRef = 81EE4B6D62767279BA5CCBB4 /* KeychainItemWrapper.m */; };
		81EE44133FBD4D2243E5D77D /* GINIURLSessionMock.m in Sources */ = {isa = PBXBuildFile; fileRef = 81EE44A91F8A4C73596596E6 /* GINIURLSessionMock.m */; };
		81EE45A4EF18AB0E62828A78 /* NSString+GINIAdditions.m in Sources */ = {isa = PBXBuildFile; fileRef = 81EE4B1918AA3A3DEFC1D8BF /* NSString+GINIAdditions.m */; };
		81EE45DC3D42483D285716B5 /* document.json in Resources */ = {isa = PBXBuildFile; fileRef = 81EE4FC272A3BC02720C26F5 /* document.json */; };
		81EE47E44806AFACE4B84DA0 /* GINIAPIManagerRequestFactorySpec.m in Sources */ = {isa = PBXBuildFile; fileRef = 81EE48FAEEE3DF8B1A6B936C /* GINIAPIManagerRequestFactorySpec.m */; };
		81EE49A53AA4C5E431CE0942 /* GINISession.m in Sources */ = {isa = PBXBuildFile; fileRef = 81EE4E20884B3E4BB789E91D /* GINISession.m */; };
		81EE4B90C0B56487757C438B /* GINISessionParser.m in Sources */ = {isa = PBXBuildFile; fileRef = 81EE44FC2082BE41529D9483 /* GINISessionParser.m */; };
		81EE4EA88FD761DB89CC3337 /* session.json in Resources */ = {isa = PBXBuildFile; fileRef = 81EE409560F238177896AAE6 /* session.json */; };
		81EE4F7C1974ACC44C8E2228 /* GINIUIApplicationMock.m in Sources */ = {isa = PBXBuildFile; fileRef = 81EE4DF2F8B989F20875FBDE /* GINIUIApplicationMock.m */; };
		8C4988B6B8B1418A968B8474 /* libPods-Gini-iOS-SDKTests.a in Frameworks */ = {isa = PBXBuildFile; fileRef = 2056985987664BD8B2381A5A /* libPods-Gini-iOS-SDKTests.a */; };
		C753E077835616EB9E2FBEBB /* GINIDocumentSpec.m in Sources */ = {isa = PBXBuildFile; fileRef = C753EE42B727F1D19C196505 /* GINIDocumentSpec.m */; };
		C753E17053FE943544163E96 /* GINIDocumentTaskManager.m in Sources */ = {isa = PBXBuildFile; fileRef = C753E3DEEFB9F9E65CEABEBA /* GINIDocumentTaskManager.m */; };
		C753E52AB79C7FE6A0E4E417 /* GINIDocument.m in Sources */ = {isa = PBXBuildFile; fileRef = C753EFC0A1550610FBBADD7E /* GINIDocument.m */; };
		C753E8F5185BB49A2704BC47 /* GINIDocumentTaskManagerSpec.m in Sources */ = {isa = PBXBuildFile; fileRef = C753ED654AEE85B91F17136E /* GINIDocumentTaskManagerSpec.m */; };
		C753E99B2C97D3DE8CF0F9B8 /* GINIAPIManagerMock.m in Sources */ = {isa = PBXBuildFile; fileRef = C753EDF63DE1898A9FB6D2E3 /* GINIAPIManagerMock.m */; };
		E20CA213193CD4D500BC301D /* libGini-iOS-SDK.a in Frameworks */ = {isa = PBXBuildFile; fileRef = 23D53BF41934BC85001A957E /* libGini-iOS-SDK.a */; };
		E2529A431947598E00FE8527 /* GINIAPIManagerSpec.m in Sources */ = {isa = PBXBuildFile; fileRef = 81EE41360403FDC922D327D7 /* GINIAPIManagerSpec.m */; };
		E2529A441947599100FE8527 /* GINIURLSessionSpec.m in Sources */ = {isa = PBXBuildFile; fileRef = 81EE4902E3655232B3640C9E /* GINIURLSessionSpec.m */; };
		E2529A451947599500FE8527 /* GINIURLResponseSpec.m in Sources */ = {isa = PBXBuildFile; fileRef = 81EE4E6A486CD98E99B37CF5 /* GINIURLResponseSpec.m */; };
		E2529A461947599800FE8527 /* GINISessionSpecs.m in Sources */ = {isa = PBXBuildFile; fileRef = 81EE45EE20E83A7006B48985 /* GINISessionSpecs.m */; };
		E2529A471947599A00FE8527 /* GINISessionManagerSpecs.m in Sources */ = {isa = PBXBuildFile; fileRef = E22C41601935FB8E00A0CAFA /* GINISessionManagerSpecs.m */; };
		E27D88051933504500CB122F /* GINISessionManager.m in Sources */ = {isa = PBXBuildFile; fileRef = E2A26A32192DEDF800F88621 /* GINISessionManager.m */; };
		E27D881C19348E7200CB122F /* GINIKeychainCredentialsStore.m in Sources */ = {isa = PBXBuildFile; fileRef = E27D881A19348E7200CB122F /* GINIKeychainCredentialsStore.m */; };
		E2AB8577193C9755002CB0EC /* GINISessionManagerClientFlow.m in Sources */ = {isa = PBXBuildFile; fileRef = E2AB8576193C9755002CB0EC /* GINISessionManagerClientFlow.m */; };
		E2AB857B193CA4F6002CB0EC /* GINISessionManagerServerFlow.m in Sources */ = {isa = PBXBuildFile; fileRef = E2AB857A193CA4F6002CB0EC /* GINISessionManagerServerFlow.m */; };
		E2AB85C2193CC85D002CB0EC /* GINISessionManager.h in Copy Files */ = {isa = PBXBuildFile; fileRef = E2A26A31192DEDF800F88621 /* GINISessionManager.h */; };
		E2AB85C4193CC867002CB0EC /* GINICredentialsStore.h in Copy Files */ = {isa = PBXBuildFile; fileRef = E27D8818193483F700CB122F /* GINICredentialsStore.h */; };
		E2AB85C6193CC86D002CB0EC /* GINIKeychainCredentialsStore.h in Copy Files */ = {isa = PBXBuildFile; fileRef = E27D881919348E7200CB122F /* GINIKeychainCredentialsStore.h */; };
		E2AB85C7193CC870002CB0EC /* GINISession.h in Copy Files */ = {isa = PBXBuildFile; fileRef = 81EE497F10D58DDC3ECF5840 /* GINISession.h */; };
		E2AB85C8193CC873002CB0EC /* GINISessionParser.h in Copy Files */ = {isa = PBXBuildFile; fileRef = 81EE4204EAF80358253525DC /* GINISessionParser.h */; };
		E2CAFE7E1940DC570059E228 /* GINIAPIManager.m in Sources */ = {isa = PBXBuildFile; fileRef = E2CAFE7D1940DC570059E228 /* GINIAPIManager.m */; };
		E2CAFE811940DC610059E228 /* GINIAPIManagerRequestFactory.m in Sources */ = {isa = PBXBuildFile; fileRef = E2CAFE801940DC610059E228 /* GINIAPIManagerRequestFactory.m */; };
		E2CAFE861940DC7F0059E228 /* GINIURLResponse.m in Sources */ = {isa = PBXBuildFile; fileRef = E2CAFE831940DC7F0059E228 /* GINIURLResponse.m */; };
		E2CAFE871940DC7F0059E228 /* GINIURLSession.m in Sources */ = {isa = PBXBuildFile; fileRef = E2CAFE851940DC7F0059E228 /* GINIURLSession.m */; };
/* End PBXBuildFile section */

/* Begin PBXContainerItemProxy section */
		23D53C0A1934BC85001A957E /* PBXContainerItemProxy */ = {
			isa = PBXContainerItemProxy;
			containerPortal = 23D53BEC1934BC85001A957E /* Project object */;
			proxyType = 1;
			remoteGlobalIDString = 23D53BF31934BC85001A957E;
			remoteInfo = GiniSDK;
		};
/* End PBXContainerItemProxy section */

/* Begin PBXCopyFilesBuildPhase section */
		23D53BF21934BC85001A957E /* Copy Files */ = {
			isa = PBXCopyFilesBuildPhase;
			buildActionMask = 2147483647;
			dstPath = "include/$(PRODUCT_NAME)";
			dstSubfolderSpec = 16;
			files = (
				23D53BFD1934BC85001A957E /* GiniSDK.h in Copy Files */,
				E2AB85C2193CC85D002CB0EC /* GINISessionManager.h in Copy Files */,
				E2AB85C4193CC867002CB0EC /* GINICredentialsStore.h in Copy Files */,
				E2AB85C6193CC86D002CB0EC /* GINIKeychainCredentialsStore.h in Copy Files */,
				E2AB85C8193CC873002CB0EC /* GINISessionParser.h in Copy Files */,
				E2AB85C7193CC870002CB0EC /* GINISession.h in Copy Files */,
				81EE40F50CF5B93E99221405 /* GINIURLSession.h in Copy Files */,
			);
			name = "Copy Files";
			runOnlyForDeploymentPostprocessing = 0;
		};
/* End PBXCopyFilesBuildPhase section */

/* Begin PBXFileReference section */
		0439411C6E91498D8E5A31B2 /* libPods-Gini-iOS-SDK.a */ = {isa = PBXFileReference; explicitFileType = archive.ar; includeInIndex = 0; path = "libPods-Gini-iOS-SDK.a"; sourceTree = BUILT_PRODUCTS_DIR; };
		04A595B1195869DD00CB8E1B /* documents.json */ = {isa = PBXFileReference; fileEncoding = 4; lastKnownFileType = text.json; path = documents.json; sourceTree = "<group>"; };
		04A595B3195962E900CB8E1B /* GINIFactoryDescription.h */ = {isa = PBXFileReference; fileEncoding = 4; lastKnownFileType = sourcecode.c.h; path = GINIFactoryDescription.h; sourceTree = "<group>"; };
		04A595B4195962E900CB8E1B /* GINIFactoryDescription.m */ = {isa = PBXFileReference; fileEncoding = 4; lastKnownFileType = sourcecode.c.objc; path = GINIFactoryDescription.m; sourceTree = "<group>"; };
		04A595B5195962E900CB8E1B /* GINIInjector.h */ = {isa = PBXFileReference; fileEncoding = 4; lastKnownFileType = sourcecode.c.h; path = GINIInjector.h; sourceTree = "<group>"; };
		04A595B6195962E900CB8E1B /* GINIInjector.m */ = {isa = PBXFileReference; fileEncoding = 4; lastKnownFileType = sourcecode.c.objc; path = GINIInjector.m; sourceTree = "<group>"; };
		04A595BA1959644500CB8E1B /* GINIInjectorSpec.m */ = {isa = PBXFileReference; fileEncoding = 4; lastKnownFileType = sourcecode.c.objc; path = GINIInjectorSpec.m; sourceTree = "<group>"; };
		04A595BB1959644500CB8E1B /* GiniSDKTests.m */ = {isa = PBXFileReference; fileEncoding = 4; lastKnownFileType = sourcecode.c.objc; path = GiniSDKTests.m; sourceTree = "<group>"; };
		04A595C119598DD300CB8E1B /* pages.json */ = {isa = PBXFileReference; fileEncoding = 4; lastKnownFileType = text.json; path = pages.json; sourceTree = "<group>"; };
		04A595C319599E6A00CB8E1B /* layout.json */ = {isa = PBXFileReference; fileEncoding = 4; lastKnownFileType = text.json; path = layout.json; sourceTree = "<group>"; };
		04B754821959ABB600CF6072 /* search.json */ = {isa = PBXFileReference; fileEncoding = 4; lastKnownFileType = text.json; path = search.json; sourceTree = "<group>"; };
		04B75484195AAC5000CF6072 /* extractions.json */ = {isa = PBXFileReference; fileEncoding = 4; lastKnownFileType = text.json; path = extractions.json; sourceTree = "<group>"; };
		2056985987664BD8B2381A5A /* libPods-Gini-iOS-SDKTests.a */ = {isa = PBXFileReference; explicitFileType = archive.ar; includeInIndex = 0; path = "libPods-Gini-iOS-SDKTests.a"; sourceTree = BUILT_PRODUCTS_DIR; };
		23D53BF41934BC85001A957E /* libGini-iOS-SDK.a */ = {isa = PBXFileReference; explicitFileType = archive.ar; includeInIndex = 0; path = "libGini-iOS-SDK.a"; sourceTree = BUILT_PRODUCTS_DIR; };
		23D53BF71934BC85001A957E /* Foundation.framework */ = {isa = PBXFileReference; lastKnownFileType = wrapper.framework; name = Foundation.framework; path = System/Library/Frameworks/Foundation.framework; sourceTree = SDKROOT; };
		23D53BFB1934BC85001A957E /* Gini-iOS-SDK-Prefix.pch */ = {isa = PBXFileReference; lastKnownFileType = sourcecode.c.h; path = "Gini-iOS-SDK-Prefix.pch"; sourceTree = "<group>"; };
		23D53BFC1934BC85001A957E /* GiniSDK.h */ = {isa = PBXFileReference; lastKnownFileType = sourcecode.c.h; path = GiniSDK.h; sourceTree = "<group>"; };
		23D53BFE1934BC85001A957E /* GiniSDK.m */ = {isa = PBXFileReference; lastKnownFileType = sourcecode.c.objc; path = GiniSDK.m; sourceTree = "<group>"; };
		23D53C041934BC85001A957E /* Gini-iOS-SDKTests.xctest */ = {isa = PBXFileReference; explicitFileType = wrapper.cfbundle; includeInIndex = 0; path = "Gini-iOS-SDKTests.xctest"; sourceTree = BUILT_PRODUCTS_DIR; };
		23D53C051934BC85001A957E /* XCTest.framework */ = {isa = PBXFileReference; lastKnownFileType = wrapper.framework; name = XCTest.framework; path = Library/Frameworks/XCTest.framework; sourceTree = DEVELOPER_DIR; };
		23D53C0F1934BC85001A957E /* Gini-iOS-SDKTests-Info.plist */ = {isa = PBXFileReference; lastKnownFileType = text.plist.xml; path = "Gini-iOS-SDKTests-Info.plist"; sourceTree = "<group>"; };
		23D53C111934BC85001A957E /* en */ = {isa = PBXFileReference; lastKnownFileType = text.plist.strings; name = en; path = en.lproj/InfoPlist.strings; sourceTree = "<group>"; };
		3BE557B4E7EF4995B164009C /* Pods-Gini-iOS-SDKTests.xcconfig */ = {isa = PBXFileReference; includeInIndex = 1; lastKnownFileType = text.xcconfig; name = "Pods-Gini-iOS-SDKTests.xcconfig"; path = "Pods/Pods-Gini-iOS-SDKTests.xcconfig"; sourceTree = "<group>"; };
		81EE409560F238177896AAE6 /* session.json */ = {isa = PBXFileReference; lastKnownFileType = file.json; path = session.json; sourceTree = "<group>"; };
		81EE41360403FDC922D327D7 /* GINIAPIManagerSpec.m */ = {isa = PBXFileReference; fileEncoding = 4; lastKnownFileType = sourcecode.c.objc; path = GINIAPIManagerSpec.m; sourceTree = "<group>"; };
		81EE418798C94FE64EDC0977 /* GINICredentialsStoreMock.h */ = {isa = PBXFileReference; fileEncoding = 4; lastKnownFileType = sourcecode.c.h; path = GINICredentialsStoreMock.h; sourceTree = "<group>"; };
		81EE4204EAF80358253525DC /* GINISessionParser.h */ = {isa = PBXFileReference; fileEncoding = 4; lastKnownFileType = sourcecode.c.h; path = GINISessionParser.h; sourceTree = "<group>"; };
		81EE43040DFEDCFC5E071B1E /* GINISessionManagerMock.h */ = {isa = PBXFileReference; fileEncoding = 4; lastKnownFileType = sourcecode.c.h; path = GINISessionManagerMock.h; sourceTree = "<group>"; };
		81EE44A91F8A4C73596596E6 /* GINIURLSessionMock.m */ = {isa = PBXFileReference; fileEncoding = 4; lastKnownFileType = sourcecode.c.objc; path = GINIURLSessionMock.m; sourceTree = "<group>"; };
		81EE44FC2082BE41529D9483 /* GINISessionParser.m */ = {isa = PBXFileReference; fileEncoding = 4; lastKnownFileType = sourcecode.c.objc; path = GINISessionParser.m; sourceTree = "<group>"; };
		81EE45EE20E83A7006B48985 /* GINISessionSpecs.m */ = {isa = PBXFileReference; fileEncoding = 4; lastKnownFileType = sourcecode.c.objc; path = GINISessionSpecs.m; sourceTree = "<group>"; };
		81EE468AFDEFC8942E20F31F /* yoda.jpg */ = {isa = PBXFileReference; lastKnownFileType = image.jpeg; path = yoda.jpg; sourceTree = "<group>"; };
		81EE46B2FC973F21033FBA16 /* GINICredentialsStoreMock.m */ = {isa = PBXFileReference; fileEncoding = 4; lastKnownFileType = sourcecode.c.objc; path = GINICredentialsStoreMock.m; sourceTree = "<group>"; };
		81EE48376DD3F8CEA4908F4D /* GINISessionManagerMock.m */ = {isa = PBXFileReference; fileEncoding = 4; lastKnownFileType = sourcecode.c.objc; path = GINISessionManagerMock.m; sourceTree = "<group>"; };
		81EE486A612A19E3ED63F3DF /* GINIUIApplicationMock.h */ = {isa = PBXFileReference; fileEncoding = 4; lastKnownFileType = sourcecode.c.h; path = GINIUIApplicationMock.h; sourceTree = "<group>"; };
		81EE48FAEEE3DF8B1A6B936C /* GINIAPIManagerRequestFactorySpec.m */ = {isa = PBXFileReference; fileEncoding = 4; lastKnownFileType = sourcecode.c.objc; path = GINIAPIManagerRequestFactorySpec.m; sourceTree = "<group>"; };
		81EE4902E3655232B3640C9E /* GINIURLSessionSpec.m */ = {isa = PBXFileReference; fileEncoding = 4; lastKnownFileType = sourcecode.c.objc; path = GINIURLSessionSpec.m; sourceTree = "<group>"; };
		81EE497F10D58DDC3ECF5840 /* GINISession.h */ = {isa = PBXFileReference; fileEncoding = 4; lastKnownFileType = sourcecode.c.h; path = GINISession.h; sourceTree = "<group>"; };
		81EE49DE7AC6AC636600CB39 /* GINIURLSessionMock.h */ = {isa = PBXFileReference; fileEncoding = 4; lastKnownFileType = sourcecode.c.h; path = GINIURLSessionMock.h; sourceTree = "<group>"; };
		81EE4AB29B03712932652CA5 /* NSString+GINIAdditions.h */ = {isa = PBXFileReference; fileEncoding = 4; lastKnownFileType = sourcecode.c.h; path = "NSString+GINIAdditions.h"; sourceTree = "<group>"; };
		81EE4B1918AA3A3DEFC1D8BF /* NSString+GINIAdditions.m */ = {isa = PBXFileReference; fileEncoding = 4; lastKnownFileType = sourcecode.c.objc; path = "NSString+GINIAdditions.m"; sourceTree = "<group>"; };
		81EE4B6D62767279BA5CCBB4 /* KeychainItemWrapper.m */ = {isa = PBXFileReference; fileEncoding = 4; lastKnownFileType = sourcecode.c.objc; path = KeychainItemWrapper.m; sourceTree = "<group>"; };
		81EE4DF2F8B989F20875FBDE /* GINIUIApplicationMock.m */ = {isa = PBXFileReference; fileEncoding = 4; lastKnownFileType = sourcecode.c.objc; path = GINIUIApplicationMock.m; sourceTree = "<group>"; };
		81EE4E20884B3E4BB789E91D /* GINISession.m */ = {isa = PBXFileReference; fileEncoding = 4; lastKnownFileType = sourcecode.c.objc; path = GINISession.m; sourceTree = "<group>"; };
		81EE4E6A486CD98E99B37CF5 /* GINIURLResponseSpec.m */ = {isa = PBXFileReference; fileEncoding = 4; lastKnownFileType = sourcecode.c.objc; path = GINIURLResponseSpec.m; sourceTree = "<group>"; };
		81EE4F2F44229F40CA054CF2 /* KeychainItemWrapper.h */ = {isa = PBXFileReference; fileEncoding = 4; lastKnownFileType = sourcecode.c.h; path = KeychainItemWrapper.h; sourceTree = "<group>"; };
		81EE4FC272A3BC02720C26F5 /* document.json */ = {isa = PBXFileReference; lastKnownFileType = file.json; path = document.json; sourceTree = "<group>"; };
		B7CCF32889824032B0CDD0C8 /* Pods-Gini-iOS-SDK.xcconfig */ = {isa = PBXFileReference; includeInIndex = 1; lastKnownFileType = text.xcconfig; name = "Pods-Gini-iOS-SDK.xcconfig"; path = "Pods/Pods-Gini-iOS-SDK.xcconfig"; sourceTree = "<group>"; };
		C753E3DEEFB9F9E65CEABEBA /* GINIDocumentTaskManager.m */ = {isa = PBXFileReference; fileEncoding = 4; lastKnownFileType = sourcecode.c.objc; path = GINIDocumentTaskManager.m; sourceTree = "<group>"; };
		C753E472D4AB8FC415550551 /* GINIAPIManagerMock.h */ = {isa = PBXFileReference; fileEncoding = 4; lastKnownFileType = sourcecode.c.h; path = GINIAPIManagerMock.h; sourceTree = "<group>"; };
		C753E68A8EF1189B69F4FE7F /* GINIDocument.h */ = {isa = PBXFileReference; fileEncoding = 4; lastKnownFileType = sourcecode.c.h; path = GINIDocument.h; sourceTree = "<group>"; };
		C753E6AB8924874770815AD5 /* GINIDocumentTaskManager.h */ = {isa = PBXFileReference; fileEncoding = 4; lastKnownFileType = sourcecode.c.h; path = GINIDocumentTaskManager.h; sourceTree = "<group>"; };
		C753ED654AEE85B91F17136E /* GINIDocumentTaskManagerSpec.m */ = {isa = PBXFileReference; fileEncoding = 4; lastKnownFileType = sourcecode.c.objc; path = GINIDocumentTaskManagerSpec.m; sourceTree = "<group>"; };
		C753EDF63DE1898A9FB6D2E3 /* GINIAPIManagerMock.m */ = {isa = PBXFileReference; fileEncoding = 4; lastKnownFileType = sourcecode.c.objc; path = GINIAPIManagerMock.m; sourceTree = "<group>"; };
		C753EE42B727F1D19C196505 /* GINIDocumentSpec.m */ = {isa = PBXFileReference; fileEncoding = 4; lastKnownFileType = sourcecode.c.objc; path = GINIDocumentSpec.m; sourceTree = "<group>"; };
		C753EFC0A1550610FBBADD7E /* GINIDocument.m */ = {isa = PBXFileReference; fileEncoding = 4; lastKnownFileType = sourcecode.c.objc; path = GINIDocument.m; sourceTree = "<group>"; };
		E2088DC71940652400B2742E /* GINIIncomingURLDelegate.h */ = {isa = PBXFileReference; fileEncoding = 4; lastKnownFileType = sourcecode.c.h; path = GINIIncomingURLDelegate.h; sourceTree = "<group>"; };
		E22C41601935FB8E00A0CAFA /* GINISessionManagerSpecs.m */ = {isa = PBXFileReference; fileEncoding = 4; lastKnownFileType = sourcecode.c.objc; path = GINISessionManagerSpecs.m; sourceTree = "<group>"; };
		E2529A4F194763C900FE8527 /* UIKit.framework */ = {isa = PBXFileReference; lastKnownFileType = wrapper.framework; name = UIKit.framework; path = System/Library/Frameworks/UIKit.framework; sourceTree = SDKROOT; };
		E27D8818193483F700CB122F /* GINICredentialsStore.h */ = {isa = PBXFileReference; fileEncoding = 4; lastKnownFileType = sourcecode.c.h; path = GINICredentialsStore.h; sourceTree = "<group>"; };
		E27D881919348E7200CB122F /* GINIKeychainCredentialsStore.h */ = {isa = PBXFileReference; fileEncoding = 4; lastKnownFileType = sourcecode.c.h; path = GINIKeychainCredentialsStore.h; sourceTree = "<group>"; };
		E27D881A19348E7200CB122F /* GINIKeychainCredentialsStore.m */ = {isa = PBXFileReference; fileEncoding = 4; lastKnownFileType = sourcecode.c.objc; path = GINIKeychainCredentialsStore.m; sourceTree = "<group>"; };
		E27D881D1935E12F00CB122F /* Gini-iOS-SDK-Info.plist */ = {isa = PBXFileReference; fileEncoding = 4; lastKnownFileType = text.plist.xml; path = "Gini-iOS-SDK-Info.plist"; sourceTree = "<group>"; };
		E2A26A31192DEDF800F88621 /* GINISessionManager.h */ = {isa = PBXFileReference; fileEncoding = 4; lastKnownFileType = sourcecode.c.h; path = GINISessionManager.h; sourceTree = "<group>"; };
		E2A26A32192DEDF800F88621 /* GINISessionManager.m */ = {isa = PBXFileReference; fileEncoding = 4; lastKnownFileType = sourcecode.c.objc; path = GINISessionManager.m; sourceTree = "<group>"; };
		E2AB8575193C9755002CB0EC /* GINISessionManagerClientFlow.h */ = {isa = PBXFileReference; fileEncoding = 4; lastKnownFileType = sourcecode.c.h; path = GINISessionManagerClientFlow.h; sourceTree = "<group>"; };
		E2AB8576193C9755002CB0EC /* GINISessionManagerClientFlow.m */ = {isa = PBXFileReference; fileEncoding = 4; lastKnownFileType = sourcecode.c.objc; path = GINISessionManagerClientFlow.m; sourceTree = "<group>"; };
		E2AB8578193CA293002CB0EC /* GINISessionManager_Private.h */ = {isa = PBXFileReference; lastKnownFileType = sourcecode.c.h; path = GINISessionManager_Private.h; sourceTree = "<group>"; };
		E2AB8579193CA4F6002CB0EC /* GINISessionManagerServerFlow.h */ = {isa = PBXFileReference; fileEncoding = 4; lastKnownFileType = sourcecode.c.h; path = GINISessionManagerServerFlow.h; sourceTree = "<group>"; };
		E2AB857A193CA4F6002CB0EC /* GINISessionManagerServerFlow.m */ = {isa = PBXFileReference; fileEncoding = 4; lastKnownFileType = sourcecode.c.objc; path = GINISessionManagerServerFlow.m; sourceTree = "<group>"; };
		E2CAFE7C1940DC570059E228 /* GINIAPIManager.h */ = {isa = PBXFileReference; fileEncoding = 4; lastKnownFileType = sourcecode.c.h; path = GINIAPIManager.h; sourceTree = "<group>"; };
		E2CAFE7D1940DC570059E228 /* GINIAPIManager.m */ = {isa = PBXFileReference; fileEncoding = 4; lastKnownFileType = sourcecode.c.objc; path = GINIAPIManager.m; sourceTree = "<group>"; };
		E2CAFE7F1940DC610059E228 /* GINIAPIManagerRequestFactory.h */ = {isa = PBXFileReference; fileEncoding = 4; lastKnownFileType = sourcecode.c.h; path = GINIAPIManagerRequestFactory.h; sourceTree = "<group>"; };
		E2CAFE801940DC610059E228 /* GINIAPIManagerRequestFactory.m */ = {isa = PBXFileReference; fileEncoding = 4; lastKnownFileType = sourcecode.c.objc; path = GINIAPIManagerRequestFactory.m; sourceTree = "<group>"; };
		E2CAFE821940DC7F0059E228 /* GINIURLResponse.h */ = {isa = PBXFileReference; fileEncoding = 4; lastKnownFileType = sourcecode.c.h; path = GINIURLResponse.h; sourceTree = "<group>"; };
		E2CAFE831940DC7F0059E228 /* GINIURLResponse.m */ = {isa = PBXFileReference; fileEncoding = 4; lastKnownFileType = sourcecode.c.objc; path = GINIURLResponse.m; sourceTree = "<group>"; };
		E2CAFE841940DC7F0059E228 /* GINIURLSession.h */ = {isa = PBXFileReference; fileEncoding = 4; lastKnownFileType = sourcecode.c.h; path = GINIURLSession.h; sourceTree = "<group>"; };
		E2CAFE851940DC7F0059E228 /* GINIURLSession.m */ = {isa = PBXFileReference; fileEncoding = 4; lastKnownFileType = sourcecode.c.objc; path = GINIURLSession.m; sourceTree = "<group>"; };
/* End PBXFileReference section */

/* Begin PBXFrameworksBuildPhase section */
		23D53BF11934BC85001A957E /* Frameworks */ = {
			isa = PBXFrameworksBuildPhase;
			buildActionMask = 2147483647;
			files = (
				23D53BF81934BC85001A957E /* Foundation.framework in Frameworks */,
				3D1C5F28DBBC44B597F5770B /* libPods-Gini-iOS-SDK.a in Frameworks */,
			);
			runOnlyForDeploymentPostprocessing = 0;
		};
		23D53C011934BC85001A957E /* Frameworks */ = {
			isa = PBXFrameworksBuildPhase;
			buildActionMask = 2147483647;
			files = (
				E20CA213193CD4D500BC301D /* libGini-iOS-SDK.a in Frameworks */,
				23D53C061934BC85001A957E /* XCTest.framework in Frameworks */,
				23D53C071934BC85001A957E /* Foundation.framework in Frameworks */,
				8C4988B6B8B1418A968B8474 /* libPods-Gini-iOS-SDKTests.a in Frameworks */,
			);
			runOnlyForDeploymentPostprocessing = 0;
		};
/* End PBXFrameworksBuildPhase section */

/* Begin PBXGroup section */
		23D53BEB1934BC85001A957E = {
			isa = PBXGroup;
			children = (
				23D53BF91934BC85001A957E /* Gini-iOS-SDK */,
				23D53C0D1934BC85001A957E /* Gini-iOS-SDKTests */,
				23D53BF61934BC85001A957E /* Frameworks */,
				23D53BF51934BC85001A957E /* Products */,
				B7CCF32889824032B0CDD0C8 /* Pods-Gini-iOS-SDK.xcconfig */,
				3BE557B4E7EF4995B164009C /* Pods-Gini-iOS-SDKTests.xcconfig */,
			);
			sourceTree = "<group>";
		};
		23D53BF51934BC85001A957E /* Products */ = {
			isa = PBXGroup;
			children = (
				23D53BF41934BC85001A957E /* libGini-iOS-SDK.a */,
				23D53C041934BC85001A957E /* Gini-iOS-SDKTests.xctest */,
			);
			name = Products;
			sourceTree = "<group>";
		};
		23D53BF61934BC85001A957E /* Frameworks */ = {
			isa = PBXGroup;
			children = (
				23D53BF71934BC85001A957E /* Foundation.framework */,
				23D53C051934BC85001A957E /* XCTest.framework */,
				0439411C6E91498D8E5A31B2 /* libPods-Gini-iOS-SDK.a */,
				2056985987664BD8B2381A5A /* libPods-Gini-iOS-SDKTests.a */,
				E2529A4F194763C900FE8527 /* UIKit.framework */,
			);
			name = Frameworks;
			sourceTree = "<group>";
		};
		23D53BF91934BC85001A957E /* Gini-iOS-SDK */ = {
			isa = PBXGroup;
			children = (
				E2CAFE7C1940DC570059E228 /* GINIAPIManager.h */,
				E2CAFE7D1940DC570059E228 /* GINIAPIManager.m */,
				E2CAFE7F1940DC610059E228 /* GINIAPIManagerRequestFactory.h */,
				E2CAFE801940DC610059E228 /* GINIAPIManagerRequestFactory.m */,
				E27D8818193483F700CB122F /* GINICredentialsStore.h */,
				04A595B3195962E900CB8E1B /* GINIFactoryDescription.h */,
				04A595B4195962E900CB8E1B /* GINIFactoryDescription.m */,
				E2088DC71940652400B2742E /* GINIIncomingURLDelegate.h */,
				04A595B5195962E900CB8E1B /* GINIInjector.h */,
				04A595B6195962E900CB8E1B /* GINIInjector.m */,
				E27D881919348E7200CB122F /* GINIKeychainCredentialsStore.h */,
				E27D881A19348E7200CB122F /* GINIKeychainCredentialsStore.m */,
				23D53BFC1934BC85001A957E /* GiniSDK.h */,
				23D53BFE1934BC85001A957E /* GiniSDK.m */,
				81EE497F10D58DDC3ECF5840 /* GINISession.h */,
				81EE4E20884B3E4BB789E91D /* GINISession.m */,
				E2A26A31192DEDF800F88621 /* GINISessionManager.h */,
				E2A26A32192DEDF800F88621 /* GINISessionManager.m */,
				E2AB8578193CA293002CB0EC /* GINISessionManager_Private.h */,
				E2AB8575193C9755002CB0EC /* GINISessionManagerClientFlow.h */,
				E2AB8576193C9755002CB0EC /* GINISessionManagerClientFlow.m */,
				E2AB8579193CA4F6002CB0EC /* GINISessionManagerServerFlow.h */,
				E2AB857A193CA4F6002CB0EC /* GINISessionManagerServerFlow.m */,
				81EE4204EAF80358253525DC /* GINISessionParser.h */,
				81EE44FC2082BE41529D9483 /* GINISessionParser.m */,
				E2CAFE821940DC7F0059E228 /* GINIURLResponse.h */,
				E2CAFE831940DC7F0059E228 /* GINIURLResponse.m */,
				E2CAFE841940DC7F0059E228 /* GINIURLSession.h */,
				E2CAFE851940DC7F0059E228 /* GINIURLSession.m */,
				81EE4AB29B03712932652CA5 /* NSString+GINIAdditions.h */,
				81EE4B1918AA3A3DEFC1D8BF /* NSString+GINIAdditions.m */,
				23D53BFA1934BC85001A957E /* Supporting Files */,
				E2AFC670194079B2006AAB79 /* Vendor */,
				C753E68A8EF1189B69F4FE7F /* GINIDocument.h */,
				C753EFC0A1550610FBBADD7E /* GINIDocument.m */,
				C753E6AB8924874770815AD5 /* GINIDocumentTaskManager.h */,
				C753E3DEEFB9F9E65CEABEBA /* GINIDocumentTaskManager.m */,
			);
			path = "Gini-iOS-SDK";
			sourceTree = "<group>";
		};
		23D53BFA1934BC85001A957E /* Supporting Files */ = {
			isa = PBXGroup;
			children = (
				23D53BFB1934BC85001A957E /* Gini-iOS-SDK-Prefix.pch */,
				E27D881D1935E12F00CB122F /* Gini-iOS-SDK-Info.plist */,
			);
			name = "Supporting Files";
			sourceTree = "<group>";
		};
		23D53C0D1934BC85001A957E /* Gini-iOS-SDKTests */ = {
			isa = PBXGroup;
			children = (
				81EE48FAEEE3DF8B1A6B936C /* GINIAPIManagerRequestFactorySpec.m */,
				81EE41360403FDC922D327D7 /* GINIAPIManagerSpec.m */,
				04A595BA1959644500CB8E1B /* GINIInjectorSpec.m */,
				04A595BB1959644500CB8E1B /* GiniSDKTests.m */,
				E22C41601935FB8E00A0CAFA /* GINISessionManagerSpecs.m */,
				81EE45EE20E83A7006B48985 /* GINISessionSpecs.m */,
				81EE4E6A486CD98E99B37CF5 /* GINIURLResponseSpec.m */,
				81EE4902E3655232B3640C9E /* GINIURLSessionSpec.m */,
				81EE4592F87A8832554A84AD /* HelperClasses */,
				81EE48D4FA2DC0E36318D8E2 /* Resources */,
				23D53C0E1934BC85001A957E /* Supporting Files */,
				C753ED654AEE85B91F17136E /* GINIDocumentTaskManagerSpec.m */,
				C753EE42B727F1D19C196505 /* GINIDocumentSpec.m */,
			);
			path = "Gini-iOS-SDKTests";
			sourceTree = "<group>";
		};
		23D53C0E1934BC85001A957E /* Supporting Files */ = {
			isa = PBXGroup;
			children = (
				23D53C0F1934BC85001A957E /* Gini-iOS-SDKTests-Info.plist */,
				23D53C101934BC85001A957E /* InfoPlist.strings */,
			);
			name = "Supporting Files";
			sourceTree = "<group>";
		};
		81EE4592F87A8832554A84AD /* HelperClasses */ = {
			isa = PBXGroup;
			children = (
				81EE49DE7AC6AC636600CB39 /* GINIURLSessionMock.h */,
				81EE44A91F8A4C73596596E6 /* GINIURLSessionMock.m */,
				81EE43040DFEDCFC5E071B1E /* GINISessionManagerMock.h */,
				81EE48376DD3F8CEA4908F4D /* GINISessionManagerMock.m */,
				81EE4DF2F8B989F20875FBDE /* GINIUIApplicationMock.m */,
				81EE486A612A19E3ED63F3DF /* GINIUIApplicationMock.h */,
				81EE418798C94FE64EDC0977 /* GINICredentialsStoreMock.h */,
				81EE46B2FC973F21033FBA16 /* GINICredentialsStoreMock.m */,
				C753EDF63DE1898A9FB6D2E3 /* GINIAPIManagerMock.m */,
				C753E472D4AB8FC415550551 /* GINIAPIManagerMock.h */,
			);
			path = HelperClasses;
			sourceTree = "<group>";
		};
		81EE48D4FA2DC0E36318D8E2 /* Resources */ = {
			isa = PBXGroup;
			children = (
				81EE468AFDEFC8942E20F31F /* yoda.jpg */,
				81EE4FC272A3BC02720C26F5 /* document.json */,
				81EE409560F238177896AAE6 /* session.json */,
				04A595B1195869DD00CB8E1B /* documents.json */,
				04B75484195AAC5000CF6072 /* extractions.json */,
				04A595C119598DD300CB8E1B /* pages.json */,
				04A595C319599E6A00CB8E1B /* layout.json */,
				04B754821959ABB600CF6072 /* search.json */,
			);
			path = Resources;
			sourceTree = "<group>";
		};
		E2AFC670194079B2006AAB79 /* Vendor */ = {
			isa = PBXGroup;
			children = (
				81EE4F2F44229F40CA054CF2 /* KeychainItemWrapper.h */,
				81EE4B6D62767279BA5CCBB4 /* KeychainItemWrapper.m */,
			);
			name = Vendor;
			sourceTree = "<group>";
		};
/* End PBXGroup section */

/* Begin PBXNativeTarget section */
		23D53BF31934BC85001A957E /* Gini-iOS-SDK */ = {
			isa = PBXNativeTarget;
			buildConfigurationList = 23D53C171934BC85001A957E /* Build configuration list for PBXNativeTarget "Gini-iOS-SDK" */;
			buildPhases = (
				1EAD0DC3BD80495389E703A6 /* Check Pods Manifest.lock */,
				23D53BF01934BC85001A957E /* Sources */,
				23D53BF11934BC85001A957E /* Frameworks */,
				23D53BF21934BC85001A957E /* Copy Files */,
				97F7B0A80C644828A886485E /* Copy Pods Resources */,
			);
			buildRules = (
			);
			dependencies = (
			);
			name = "Gini-iOS-SDK";
			productName = GiniSDK;
			productReference = 23D53BF41934BC85001A957E /* libGini-iOS-SDK.a */;
			productType = "com.apple.product-type.library.static";
		};
		23D53C031934BC85001A957E /* Gini-iOS-SDKTests */ = {
			isa = PBXNativeTarget;
			buildConfigurationList = 23D53C1A1934BC85001A957E /* Build configuration list for PBXNativeTarget "Gini-iOS-SDKTests" */;
			buildPhases = (
				765B73F1427F4E21B950773D /* Check Pods Manifest.lock */,
				23D53C001934BC85001A957E /* Sources */,
				23D53C011934BC85001A957E /* Frameworks */,
				23D53C021934BC85001A957E /* Resources */,
				9FCE6A51D6974C6AB1541A9F /* Copy Pods Resources */,
			);
			buildRules = (
			);
			dependencies = (
				23D53C0B1934BC85001A957E /* PBXTargetDependency */,
			);
			name = "Gini-iOS-SDKTests";
			productName = GiniSDKTests;
			productReference = 23D53C041934BC85001A957E /* Gini-iOS-SDKTests.xctest */;
			productType = "com.apple.product-type.bundle.unit-test";
		};
/* End PBXNativeTarget section */

/* Begin PBXProject section */
		23D53BEC1934BC85001A957E /* Project object */ = {
			isa = PBXProject;
			attributes = {
				LastUpgradeCheck = 0510;
				ORGANIZATIONNAME = "Gini GmbH";
			};
			buildConfigurationList = 23D53BEF1934BC85001A957E /* Build configuration list for PBXProject "Gini-iOS-SDK" */;
			compatibilityVersion = "Xcode 3.2";
			developmentRegion = English;
			hasScannedForEncodings = 0;
			knownRegions = (
				en,
			);
			mainGroup = 23D53BEB1934BC85001A957E;
			productRefGroup = 23D53BF51934BC85001A957E /* Products */;
			projectDirPath = "";
			projectRoot = "";
			targets = (
				23D53BF31934BC85001A957E /* Gini-iOS-SDK */,
				23D53C031934BC85001A957E /* Gini-iOS-SDKTests */,
				E2B18418195464FC0080FF40 /* Documentation */,
			);
		};
/* End PBXProject section */

/* Begin PBXResourcesBuildPhase section */
		23D53C021934BC85001A957E /* Resources */ = {
			isa = PBXResourcesBuildPhase;
			buildActionMask = 2147483647;
			files = (
				04B75485195AAC5000CF6072 /* extractions.json in Resources */,
				04A595C219598DD300CB8E1B /* pages.json in Resources */,
				04A595C419599E6A00CB8E1B /* layout.json in Resources */,
				04B754831959ABB600CF6072 /* search.json in Resources */,
				23D53C121934BC85001A957E /* InfoPlist.strings in Resources */,
				81EE43C2A85297C952E80592 /* yoda.jpg in Resources */,
				81EE45DC3D42483D285716B5 /* document.json in Resources */,
				81EE4EA88FD761DB89CC3337 /* session.json in Resources */,
				04A595B2195869DD00CB8E1B /* documents.json in Resources */,
			);
			runOnlyForDeploymentPostprocessing = 0;
		};
/* End PBXResourcesBuildPhase section */

/* Begin PBXShellScriptBuildPhase section */
		1EAD0DC3BD80495389E703A6 /* Check Pods Manifest.lock */ = {
			isa = PBXShellScriptBuildPhase;
			buildActionMask = 2147483647;
			files = (
			);
			inputPaths = (
			);
			name = "Check Pods Manifest.lock";
			outputPaths = (
			);
			runOnlyForDeploymentPostprocessing = 0;
			shellPath = /bin/sh;
			shellScript = "diff \"${PODS_ROOT}/../Podfile.lock\" \"${PODS_ROOT}/Manifest.lock\" > /dev/null\nif [[ $? != 0 ]] ; then\n    cat << EOM\nerror: The sandbox is not in sync with the Podfile.lock. Run 'pod install' or update your CocoaPods installation.\nEOM\n    exit 1\nfi\n";
			showEnvVarsInLog = 0;
		};
		765B73F1427F4E21B950773D /* Check Pods Manifest.lock */ = {
			isa = PBXShellScriptBuildPhase;
			buildActionMask = 2147483647;
			files = (
			);
			inputPaths = (
			);
			name = "Check Pods Manifest.lock";
			outputPaths = (
			);
			runOnlyForDeploymentPostprocessing = 0;
			shellPath = /bin/sh;
			shellScript = "diff \"${PODS_ROOT}/../Podfile.lock\" \"${PODS_ROOT}/Manifest.lock\" > /dev/null\nif [[ $? != 0 ]] ; then\n    cat << EOM\nerror: The sandbox is not in sync with the Podfile.lock. Run 'pod install' or update your CocoaPods installation.\nEOM\n    exit 1\nfi\n";
			showEnvVarsInLog = 0;
		};
		97F7B0A80C644828A886485E /* Copy Pods Resources */ = {
			isa = PBXShellScriptBuildPhase;
			buildActionMask = 2147483647;
			files = (
			);
			inputPaths = (
			);
			name = "Copy Pods Resources";
			outputPaths = (
			);
			runOnlyForDeploymentPostprocessing = 0;
			shellPath = /bin/sh;
			shellScript = "\"${SRCROOT}/Pods/Pods-Gini-iOS-SDK-resources.sh\"\n";
			showEnvVarsInLog = 0;
		};
		9FCE6A51D6974C6AB1541A9F /* Copy Pods Resources */ = {
			isa = PBXShellScriptBuildPhase;
			buildActionMask = 2147483647;
			files = (
			);
			inputPaths = (
			);
			name = "Copy Pods Resources";
			outputPaths = (
			);
			runOnlyForDeploymentPostprocessing = 0;
			shellPath = /bin/sh;
			shellScript = "\"${SRCROOT}/Pods/Pods-Gini-iOS-SDKTests-resources.sh\"\n";
			showEnvVarsInLog = 0;
		};
		E2B1841C195465030080FF40 /* ShellScript */ = {
			isa = PBXShellScriptBuildPhase;
			buildActionMask = 2147483647;
			files = (
			);
			inputPaths = (
			);
			outputPaths = (
			);
			runOnlyForDeploymentPostprocessing = 0;
			shellPath = /bin/sh;
			shellScript = "if [ \"$TRAVIS\" = true ]; then\necho \"running on Travis\"\nif [ ! -d $TRAVIS_BUILD_DIR/docs ]; then\nmkdir $TRAVIS_BUILD_DIR/docs\nfi\n`which appledoc` --project-name \"$PROJECT_NAME\" --project-company \"Gini GmbH\" --company-id \"net.gini\" --output \"$TRAVIS_BUILD_DIR/docs\" --ignore \"*.m\" --exit-threshold 2 --create-html --no-create-docset \"$PROJECT_DIR/$PROJECT_NAME\"\nelse\necho \"running on workstation\"\nPATH=$PATH:/usr/local/bin\n\nif hash appledoc 2>/dev/null; then\necho \"appledoc is installed\"\nif [ ! -d \"$BUILD_DIR/docs\" ]; then\nmkdir \"$BUILD_DIR/docs\"\nfi\n`which appledoc` --project-name \"$PROJECT_NAME\" --project-company \"Gini GmbH\" --company-id \"net.gini\" --output \"$BUILD_DIR/docs\" --ignore \"*.m\" --exit-threshold 2 --finalize-docset \"$PROJECT_DIR/$PROJECT_NAME\"\nelse\necho \"appledoc is not installed. No API documentation generated.\"\nfi\nfi\n";
		};
/* End PBXShellScriptBuildPhase section */

/* Begin PBXSourcesBuildPhase section */
		23D53BF01934BC85001A957E /* Sources */ = {
			isa = PBXSourcesBuildPhase;
			buildActionMask = 2147483647;
			files = (
				23D53BFF1934BC85001A957E /* GiniSDK.m in Sources */,
				E2AB8577193C9755002CB0EC /* GINISessionManagerClientFlow.m in Sources */,
				E27D88051933504500CB122F /* GINISessionManager.m in Sources */,
				04A595B8195962E900CB8E1B /* GINIInjector.m in Sources */,
				81EE49A53AA4C5E431CE0942 /* GINISession.m in Sources */,
				E27D881C19348E7200CB122F /* GINIKeychainCredentialsStore.m in Sources */,
				E2CAFE861940DC7F0059E228 /* GINIURLResponse.m in Sources */,
				04A595B7195962E900CB8E1B /* GINIFactoryDescription.m in Sources */,
				E2AB857B193CA4F6002CB0EC /* GINISessionManagerServerFlow.m in Sources */,
				E2CAFE871940DC7F0059E228 /* GINIURLSession.m in Sources */,
				E2CAFE7E1940DC570059E228 /* GINIAPIManager.m in Sources */,
				81EE4B90C0B56487757C438B /* GINISessionParser.m in Sources */,
				E2CAFE811940DC610059E228 /* GINIAPIManagerRequestFactory.m in Sources */,
				81EE43DFB1FB962DB0EAF76D /* KeychainItemWrapper.m in Sources */,
				81EE45A4EF18AB0E62828A78 /* NSString+GINIAdditions.m in Sources */,
				C753E52AB79C7FE6A0E4E417 /* GINIDocument.m in Sources */,
				C753E17053FE943544163E96 /* GINIDocumentTaskManager.m in Sources */,
			);
			runOnlyForDeploymentPostprocessing = 0;
		};
		23D53C001934BC85001A957E /* Sources */ = {
			isa = PBXSourcesBuildPhase;
			buildActionMask = 2147483647;
			files = (
				E2529A471947599A00FE8527 /* GINISessionManagerSpecs.m in Sources */,
				81EE44133FBD4D2243E5D77D /* GINIURLSessionMock.m in Sources */,
				81EE4016DD5977EA419AAB82 /* GINISessionManagerMock.m in Sources */,
				E2529A451947599500FE8527 /* GINIURLResponseSpec.m in Sources */,
				04A595BE1959644500CB8E1B /* GiniSDKTests.m in Sources */,
				E2529A431947598E00FE8527 /* GINIAPIManagerSpec.m in Sources */,
				04A595BD1959644500CB8E1B /* GINIInjectorSpec.m in Sources */,
				E2529A441947599100FE8527 /* GINIURLSessionSpec.m in Sources */,
				E2529A461947599800FE8527 /* GINISessionSpecs.m in Sources */,
				81EE47E44806AFACE4B84DA0 /* GINIAPIManagerRequestFactorySpec.m in Sources */,
				81EE4F7C1974ACC44C8E2228 /* GINIUIApplicationMock.m in Sources */,
				81EE40E5B0692EC02D52532A /* GINICredentialsStoreMock.m in Sources */,
				C753E8F5185BB49A2704BC47 /* GINIDocumentTaskManagerSpec.m in Sources */,
				C753E077835616EB9E2FBEBB /* GINIDocumentSpec.m in Sources */,
				C753E99B2C97D3DE8CF0F9B8 /* GINIAPIManagerMock.m in Sources */,
			);
			runOnlyForDeploymentPostprocessing = 0;
		};
/* End PBXSourcesBuildPhase section */

/* Begin PBXTargetDependency section */
		23D53C0B1934BC85001A957E /* PBXTargetDependency */ = {
			isa = PBXTargetDependency;
			target = 23D53BF31934BC85001A957E /* Gini-iOS-SDK */;
			targetProxy = 23D53C0A1934BC85001A957E /* PBXContainerItemProxy */;
		};
/* End PBXTargetDependency section */

/* Begin PBXVariantGroup section */
		23D53C101934BC85001A957E /* InfoPlist.strings */ = {
			isa = PBXVariantGroup;
			children = (
				23D53C111934BC85001A957E /* en */,
			);
			name = InfoPlist.strings;
			sourceTree = "<group>";
		};
/* End PBXVariantGroup section */

/* Begin XCBuildConfiguration section */
		23D53C151934BC85001A957E /* Debug */ = {
			isa = XCBuildConfiguration;
			buildSettings = {
				ALWAYS_SEARCH_USER_PATHS = NO;
				CLANG_CXX_LANGUAGE_STANDARD = "gnu++0x";
				CLANG_CXX_LIBRARY = "libc++";
				CLANG_ENABLE_MODULES = YES;
				CLANG_ENABLE_OBJC_ARC = YES;
				CLANG_WARN_BOOL_CONVERSION = YES;
				CLANG_WARN_CONSTANT_CONVERSION = YES;
				CLANG_WARN_DIRECT_OBJC_ISA_USAGE = YES_ERROR;
				CLANG_WARN_EMPTY_BODY = YES;
				CLANG_WARN_ENUM_CONVERSION = YES;
				CLANG_WARN_INT_CONVERSION = YES;
				CLANG_WARN_OBJC_ROOT_CLASS = YES_ERROR;
				CLANG_WARN__DUPLICATE_METHOD_MATCH = YES;
				COPY_PHASE_STRIP = NO;
				GCC_C_LANGUAGE_STANDARD = gnu99;
				GCC_DYNAMIC_NO_PIC = NO;
				GCC_OPTIMIZATION_LEVEL = 0;
				GCC_PREPROCESSOR_DEFINITIONS = (
					"DEBUG=1",
					"$(inherited)",
				);
				GCC_SYMBOLS_PRIVATE_EXTERN = NO;
				GCC_WARN_64_TO_32_BIT_CONVERSION = YES;
				GCC_WARN_ABOUT_RETURN_TYPE = YES_ERROR;
				GCC_WARN_UNDECLARED_SELECTOR = YES;
				GCC_WARN_UNINITIALIZED_AUTOS = YES_AGGRESSIVE;
				GCC_WARN_UNUSED_FUNCTION = YES;
				GCC_WARN_UNUSED_VARIABLE = YES;
				IPHONEOS_DEPLOYMENT_TARGET = 7.1;
				ONLY_ACTIVE_ARCH = YES;
				SDKROOT = iphoneos;
			};
			name = Debug;
		};
		23D53C161934BC85001A957E /* Release */ = {
			isa = XCBuildConfiguration;
			buildSettings = {
				ALWAYS_SEARCH_USER_PATHS = NO;
				CLANG_CXX_LANGUAGE_STANDARD = "gnu++0x";
				CLANG_CXX_LIBRARY = "libc++";
				CLANG_ENABLE_MODULES = YES;
				CLANG_ENABLE_OBJC_ARC = YES;
				CLANG_WARN_BOOL_CONVERSION = YES;
				CLANG_WARN_CONSTANT_CONVERSION = YES;
				CLANG_WARN_DIRECT_OBJC_ISA_USAGE = YES_ERROR;
				CLANG_WARN_EMPTY_BODY = YES;
				CLANG_WARN_ENUM_CONVERSION = YES;
				CLANG_WARN_INT_CONVERSION = YES;
				CLANG_WARN_OBJC_ROOT_CLASS = YES_ERROR;
				CLANG_WARN__DUPLICATE_METHOD_MATCH = YES;
				COPY_PHASE_STRIP = YES;
				ENABLE_NS_ASSERTIONS = NO;
				GCC_C_LANGUAGE_STANDARD = gnu99;
				GCC_WARN_64_TO_32_BIT_CONVERSION = YES;
				GCC_WARN_ABOUT_RETURN_TYPE = YES_ERROR;
				GCC_WARN_UNDECLARED_SELECTOR = YES;
				GCC_WARN_UNINITIALIZED_AUTOS = YES_AGGRESSIVE;
				GCC_WARN_UNUSED_FUNCTION = YES;
				GCC_WARN_UNUSED_VARIABLE = YES;
				IPHONEOS_DEPLOYMENT_TARGET = 7.1;
				SDKROOT = iphoneos;
				VALIDATE_PRODUCT = YES;
			};
			name = Release;
		};
		23D53C181934BC85001A957E /* Debug */ = {
			isa = XCBuildConfiguration;
			baseConfigurationReference = B7CCF32889824032B0CDD0C8 /* Pods-Gini-iOS-SDK.xcconfig */;
			buildSettings = {
				DSTROOT = "/tmp/Gini-iOS-SDK.dst";
				GCC_PRECOMPILE_PREFIX_HEADER = YES;
				GCC_PREFIX_HEADER = "Gini-iOS-SDK/Gini-iOS-SDK-Prefix.pch";
				INFOPLIST_FILE = "Gini-iOS-SDK/Gini-iOS-SDK-Info.plist";
				OTHER_LDFLAGS = "";
				PRODUCT_NAME = "Gini-iOS-SDK";
				SKIP_INSTALL = YES;
			};
			name = Debug;
		};
		23D53C191934BC85001A957E /* Release */ = {
			isa = XCBuildConfiguration;
			baseConfigurationReference = B7CCF32889824032B0CDD0C8 /* Pods-Gini-iOS-SDK.xcconfig */;
			buildSettings = {
				DSTROOT = "/tmp/Gini-iOS-SDK.dst";
				GCC_PRECOMPILE_PREFIX_HEADER = YES;
				GCC_PREFIX_HEADER = "Gini-iOS-SDK/Gini-iOS-SDK-Prefix.pch";
				INFOPLIST_FILE = "Gini-iOS-SDK/Gini-iOS-SDK-Info.plist";
				OTHER_LDFLAGS = "";
				PRODUCT_NAME = "Gini-iOS-SDK";
				SKIP_INSTALL = YES;
			};
			name = Release;
		};
		23D53C1B1934BC85001A957E /* Debug */ = {
			isa = XCBuildConfiguration;
			baseConfigurationReference = 3BE557B4E7EF4995B164009C /* Pods-Gini-iOS-SDKTests.xcconfig */;
			buildSettings = {
				FRAMEWORK_SEARCH_PATHS = (
					"$(SDKROOT)/Developer/Library/Frameworks",
					"$(inherited)",
					"$(DEVELOPER_FRAMEWORKS_DIR)",
				);
				GCC_PRECOMPILE_PREFIX_HEADER = YES;
				GCC_PREFIX_HEADER = "Gini-iOS-SDK/Gini-iOS-SDK-Prefix.pch";
				GCC_PREPROCESSOR_DEFINITIONS = (
					"DEBUG=1",
					"$(inherited)",
				);
				INFOPLIST_FILE = "Gini-iOS-SDKTests/Gini-iOS-SDKTests-Info.plist";
				PRODUCT_NAME = "Gini-iOS-SDKTests";
				WRAPPER_EXTENSION = xctest;
			};
			name = Debug;
		};
		23D53C1C1934BC85001A957E /* Release */ = {
			isa = XCBuildConfiguration;
			baseConfigurationReference = 3BE557B4E7EF4995B164009C /* Pods-Gini-iOS-SDKTests.xcconfig */;
			buildSettings = {
				FRAMEWORK_SEARCH_PATHS = (
					"$(SDKROOT)/Developer/Library/Frameworks",
					"$(inherited)",
					"$(DEVELOPER_FRAMEWORKS_DIR)",
				);
				GCC_PRECOMPILE_PREFIX_HEADER = YES;
				GCC_PREFIX_HEADER = "Gini-iOS-SDK/Gini-iOS-SDK-Prefix.pch";
				INFOPLIST_FILE = "Gini-iOS-SDKTests/Gini-iOS-SDKTests-Info.plist";
				PRODUCT_NAME = "Gini-iOS-SDKTests";
				WRAPPER_EXTENSION = xctest;
			};
			name = Release;
		};
		E2B18419195464FC0080FF40 /* Debug */ = {
			isa = XCBuildConfiguration;
			buildSettings = {
				PRODUCT_NAME = "$(TARGET_NAME)";
			};
			name = Debug;
		};
		E2B1841A195464FC0080FF40 /* Release */ = {
			isa = XCBuildConfiguration;
			buildSettings = {
				PRODUCT_NAME = "$(TARGET_NAME)";
			};
			name = Release;
		};
/* End XCBuildConfiguration section */

/* Begin XCConfigurationList section */
		23D53BEF1934BC85001A957E /* Build configuration list for PBXProject "Gini-iOS-SDK" */ = {
			isa = XCConfigurationList;
			buildConfigurations = (
				23D53C151934BC85001A957E /* Debug */,
				23D53C161934BC85001A957E /* Release */,
			);
			defaultConfigurationIsVisible = 0;
			defaultConfigurationName = Release;
		};
		23D53C171934BC85001A957E /* Build configuration list for PBXNativeTarget "Gini-iOS-SDK" */ = {
			isa = XCConfigurationList;
			buildConfigurations = (
				23D53C181934BC85001A957E /* Debug */,
				23D53C191934BC85001A957E /* Release */,
			);
			defaultConfigurationIsVisible = 0;
			defaultConfigurationName = Release;
		};
		23D53C1A1934BC85001A957E /* Build configuration list for PBXNativeTarget "Gini-iOS-SDKTests" */ = {
			isa = XCConfigurationList;
			buildConfigurations = (
				23D53C1B1934BC85001A957E /* Debug */,
				23D53C1C1934BC85001A957E /* Release */,
			);
			defaultConfigurationIsVisible = 0;
			defaultConfigurationName = Release;
		};
		E2B1841B195464FC0080FF40 /* Build configuration list for PBXAggregateTarget "Documentation" */ = {
			isa = XCConfigurationList;
			buildConfigurations = (
				E2B18419195464FC0080FF40 /* Debug */,
				E2B1841A195464FC0080FF40 /* Release */,
			);
			defaultConfigurationIsVisible = 0;
			defaultConfigurationName = Release;
		};
/* End XCConfigurationList section */
	};
	rootObject = 23D53BEC1934BC85001A957E /* Project object */;
}
